
Microsoft Visual Studio Solution File, Format Version 12.00
# Visual Studio Version 17
VisualStudioVersion = 17.10.34928.147
MinimumVisualStudioVersion = 10.0.40219.1
Project("{FAE04EC0-301F-11D3-BF4B-00C04F79EFBC}") = "DesafioMagalu", "DesafioMagalu.csproj", "{DA878292-EB21-4B5D-9ADA-5FB0A639AB9D}"
EndProject
Global
	GlobalSection(SolutionConfigurationPlatforms) = preSolution
		Debug|Any CPU = Debug|Any CPU
		Release|Any CPU = Release|Any CPU
	EndGlobalSection
	GlobalSection(ProjectConfigurationPlatforms) = postSolution
		{DA878292-EB21-4B5D-9ADA-5FB0A639AB9D}.Debug|Any CPU.ActiveCfg = Debug|Any CPU
		{DA878292-EB21-4B5D-9ADA-5FB0A639AB9D}.Debug|Any CPU.Build.0 = Debug|Any CPU
		{DA878292-EB21-4B5D-9ADA-5FB0A639AB9D}.Release|Any CPU.ActiveCfg = Release|Any CPU
		{DA878292-EB21-4B5D-9ADA-5FB0A639AB9D}.Release|Any CPU.Build.0 = Release|Any CPU
	EndGlobalSection
	GlobalSection(SolutionProperties) = preSolution
		HideSolutionNode = FALSE
	EndGlobalSection
	GlobalSection(ExtensibilityGlobals) = postSolution
		SolutionGuid = {2ED9F9CF-672B-466B-BAE6-FC9519722BD8}
	EndGlobalSection
EndGlobal
